
Microsoft Visual Studio Solution File, Format Version 12.00
# Visual Studio Version 16
VisualStudioVersion = 16.0.28729.10
MinimumVisualStudioVersion = 10.0.40219.1
Project("{9A19103F-16F7-4668-BE54-9A1E7A4F7556}") = "BovrilAuthentication", "BovrilAuthentication\BovrilAuthentication.csproj", "{184BBDD0-0066-4182-8146-6853E0A54167}"
EndProject
Global
	GlobalSection(SolutionConfigurationPlatforms) = preSolution
		Debug|Any CPU = Debug|Any CPU
		Release|Any CPU = Release|Any CPU
	EndGlobalSection
	GlobalSection(ProjectConfigurationPlatforms) = postSolution
		{184BBDD0-0066-4182-8146-6853E0A54167}.Debug|Any CPU.ActiveCfg = Debug|Any CPU
		{184BBDD0-0066-4182-8146-6853E0A54167}.Debug|Any CPU.Build.0 = Debug|Any CPU
		{184BBDD0-0066-4182-8146-6853E0A54167}.Release|Any CPU.ActiveCfg = Release|Any CPU
		{184BBDD0-0066-4182-8146-6853E0A54167}.Release|Any CPU.Build.0 = Release|Any CPU
	EndGlobalSection
	GlobalSection(SolutionProperties) = preSolution
		HideSolutionNode = FALSE
	EndGlobalSection
	GlobalSection(ExtensibilityGlobals) = postSolution
		SolutionGuid = {E9763092-6F8D-4A50-8E8B-24C4157E4066}
	EndGlobalSection
EndGlobal
